hash: 54af81c2f6072099047301008bfa595e9b4001d3f41cda31fefea3dd3933794a
updated: 2018-04-23T14:45:16.578279388-04:00
imports:
- name: github.com/kardianos/service
  version: 615a14ed75099c9eaac6949e22ac2341bf9d3197
- name: github.com/mattn/go-colorable
  version: efa589957cd060542a26d2dd7832fd6a6c6c3ade
- name: github.com/mattn/go-isatty
  version: 6ca4dbf54d38eea1a992b3c722a76a5d1c4cb25c
- name: github.com/mgutz/ansi
  version: 9520e82c474b0a04dd04f8a40959027271bab992
- name: github.com/powerman/rpc-codec
  version: 3e1ab3b635b7b0d5f771028cd45aa9a827fd9f31
  subpackages:
  - jsonrpc2
- name: github.com/spf13/cobra
  version: a1f051bc3eba734da4772d60e2d677f47cf93ef4
- name: github.com/spf13/viper
  version: b5e8006cbee93ec955a89ab31e0e3ce3204f3736
- name: github.com/valyala/fasthttp
  version: d42167fd04f636e20b005e9934159e95454233c7
- name: golang.org/x/sys
  version: 3b87a42e500a6dc65dae1a55d0b641295971163e
  subpackages:
  - unix
- name: gopkg.in/AlecAivazis/survey.v1
  version: e752db451e07e09c7d7dc8cada807a44bdb0fd47
  subpackages:
  - core
  - terminal
testImports: []
